github.com/voukatas/CacheGopher v0.0.0-20240512222348-bc654af525af h1:G4QnP/zMaGFMNkX7mC2I7p9LbzjkuzSZac2JNtqQBzI=
github.com/voukatas/CacheGopher v0.0.0-20240512222348-bc654af525af/go.mod h1:aglgKG+DASS1TUDZDuKEvZVVy833UpJuvzngKs3bK08=
github.com/voukatas/CacheGopher v0.0.0-20240513122553-b63d9eedbe75 h1:zuDbB+cchKu7Kgrn1wV2+ylGwO1CmT4buYAaNU0pDIw=
github.com/voukatas/CacheGopher v0.0.0-20240513122553-b63d9eedbe75/go.mod h1:aglgKG+DASS1TUDZDuKEvZVVy833UpJuvzngKs3bK08=
github.com/voukatas/CacheGopher v0.0.0-20240513151017-f0cf10a4ac43 h1:i1eUCMEFNs0MjgcLqbB59CUzJrx8ieROiZsqDgClwGA=
github.com/voukatas/CacheGopher v0.0.0-20240513151017-f0cf10a4ac43/go.mod h1:aglgKG+DASS1TUDZDuKEvZVVy833UpJuvzngKs3bK08=
